
Microsoft Visual Studio Solution File, Format Version 12.00
# Visual Studio Version 17
VisualStudioVersion = 17.14.36310.24 d17.14
MinimumVisualStudioVersion = 10.0.40219.1
Project("{FAE04EC0-301F-11D3-BF4B-00C04F79EFBC}") = "Class-02", "Class-02\Class-02.csproj", "{B75AF8D5-A844-49B7-B044-DD680E41E5D0}"
EndProject
Global
	GlobalSection(SolutionConfigurationPlatforms) = preSolution
		Debug|Any CPU = Debug|Any CPU
		Release|Any CPU = Release|Any CPU
	EndGlobalSection
	GlobalSection(ProjectConfigurationPlatforms) = postSolution
		{B75AF8D5-A844-49B7-B044-DD680E41E5D0}.Debug|Any CPU.ActiveCfg = Debug|Any CPU
		{B75AF8D5-A844-49B7-B044-DD680E41E5D0}.Debug|Any CPU.Build.0 = Debug|Any CPU
		{B75AF8D5-A844-49B7-B044-DD680E41E5D0}.Release|Any CPU.ActiveCfg = Release|Any CPU
		{B75AF8D5-A844-49B7-B044-DD680E41E5D0}.Release|Any CPU.Build.0 = Release|Any CPU
	EndGlobalSection
	GlobalSection(SolutionProperties) = preSolution
		HideSolutionNode = FALSE
	EndGlobalSection
	GlobalSection(ExtensibilityGlobals) = postSolution
		SolutionGuid = {C97AAB95-D889-4EA2-8F3A-988508988210}
	EndGlobalSection
EndGlobal
